// !$*UTF8*$!
{
	archiveVersion = 1;
	classes = {
	};
	objectVersion = 47;
	objects = {

/* Begin PBXBuildFile section */
		10ADCFAF1CB05181009B8C62 /* Pico.swift in Sources */ = {isa = PBXBuildFile; fileRef = 10ADCFAE1CB05181009B8C62 /* Pico.swift */; };
		10BAD8621CB032AF008732EE /* AppDelegate.swift in Sources */ = {isa = PBXBuildFile; fileRef = 10BAD8611CB032AF008732EE /* AppDelegate.swift */; };
		10BAD8641CB032AF008732EE /* ViewController.swift in Sources */ = {isa = PBXBuildFile; fileRef = 10BAD8631CB032AF008732EE /* ViewController.swift */; };
		10BAD8671CB032AF008732EE /* Main.storyboard in Resources */ = {isa = PBXBuildFile; fileRef = 10BAD8651CB032AF008732EE /* Main.storyboard */; };
		10BAD8691CB032AF008732EE /* Assets.xcassets in Resources */ = {isa = PBXBuildFile; fileRef = 10BAD8681CB032AF008732EE /* Assets.xcassets */; };
		10BAD86C1CB032AF008732EE /* LaunchScreen.storyboard in Resources */ = {isa = PBXBuildFile; fileRef = 10BAD86A1CB032AF008732EE /* LaunchScreen.storyboard */; };
		2AA75A351CC2B9BD00DD7E52 /* NextController.swift in Sources */ = {isa = PBXBuildFile; fileRef = 2AA75A341CC2B9BD00DD7E52 /* NextController.swift */; };
		2AA75A371CC377F900DD7E52 /* FirstCustomSegue.swift in Sources */ = {isa = PBXBuildFile; fileRef = 2AA75A361CC377F600DD7E52 /* FirstCustomSegue.swift */; };
		2AA75A391CC380ED00DD7E52 /* DataSource.swift in Sources */ = {isa = PBXBuildFile; fileRef = 2AA75A381CC380EC00DD7E52 /* DataSource.swift */; };
		80C6B0E7E0A2A1B64CDD255F /* Pods_zt.framework in Frameworks */ = {isa = PBXBuildFile; fileRef = B96C22B203C175A6A690DC5C /* Pods_zt.framework */; };
/* End PBXBuildFile section */

/* Begin PBXFileReference section */
		10ADCFAE1CB05181009B8C62 /* Pico.swift */ = {isa = PBXFileReference; fileEncoding = 4; lastKnownFileType = sourcecode.swift; path = Pico.swift; sourceTree = "<group>"; };
		10BAD85E1CB032AF008732EE /* zt.app */ = {isa = PBXFileReference; explicitFileType = wrapper.application; includeInIndex = 0; path = zt.app; sourceTree = BUILT_PRODUCTS_DIR; };
		10BAD8611CB032AF008732EE /* AppDelegate.swift */ = {isa = PBXFileReference; lastKnownFileType = sourcecode.swift; path = AppDelegate.swift; sourceTree = "<group>"; };
		10BAD8631CB032AF008732EE /* ViewController.swift */ = {isa = PBXFileReference; lastKnownFileType = sourcecode.swift; path = ViewController.swift; sourceTree = "<group>"; };
		10BAD8661CB032AF008732EE /* Base */ = {isa = PBXFileReference; lastKnownFileType = file.storyboard; name = Base; path = Base.lproj/Main.storyboard; sourceTree = "<group>"; };
		10BAD8681CB032AF008732EE /* Assets.xcassets */ = {isa = PBXFileReference; lastKnownFileType = folder.assetcatalog; path = Assets.xcassets; sourceTree = "<group>"; };
		10BAD86B1CB032AF008732EE /* Base */ = {isa = PBXFileReference; lastKnownFileType = file.storyboard; name = Base; path = Base.lproj/LaunchScreen.storyboard; sourceTree = "<group>"; };
		10BAD86D1CB032AF008732EE /* Info.plist */ = {isa = PBXFileReference; lastKnownFileType = text.plist.xml; path = Info.plist; sourceTree = "<group>"; };
		146F8B0CE05FEC8138F14BEF /* Pods-zt.release.xcconfig */ = {isa = PBXFileReference; includeInIndex = 1; lastKnownFileType = text.xcconfig; name = "Pods-zt.release.xcconfig"; path = "Pods/Target Support Files/Pods-zt/Pods-zt.release.xcconfig"; sourceTree = "<group>"; };
		2AA75A341CC2B9BD00DD7E52 /* NextController.swift */ = {isa = PBXFileReference; fileEncoding = 4; lastKnownFileType = sourcecode.swift; path = NextController.swift; sourceTree = "<group>"; };
		2AA75A361CC377F600DD7E52 /* FirstCustomSegue.swift */ = {isa = PBXFileReference; fileEncoding = 4; lastKnownFileType = sourcecode.swift; path = FirstCustomSegue.swift; sourceTree = "<group>"; };
		2AA75A381CC380EC00DD7E52 /* DataSource.swift */ = {isa = PBXFileReference; fileEncoding = 4; lastKnownFileType = sourcecode.swift; path = DataSource.swift; sourceTree = "<group>"; };
		A68DAD56914053CA4C9F6A38 /* Pods-zt.debug.xcconfig */ = {isa = PBXFileReference; includeInIndex = 1; lastKnownFileType = text.xcconfig; name = "Pods-zt.debug.xcconfig"; path = "Pods/Target Support Files/Pods-zt/Pods-zt.debug.xcconfig"; sourceTree = "<group>"; };
		B96C22B203C175A6A690DC5C /* Pods_zt.framework */ = {isa = PBXFileReference; explicitFileType = wrapper.framework; includeInIndex = 0; path = Pods_zt.framework; sourceTree = BUILT_PRODUCTS_DIR; };
/* End PBXFileReference section */

/* Begin PBXFrameworksBuildPhase section */
		10BAD85B1CB032AF008732EE /* Frameworks */ = {
			isa = PBXFrameworksBuildPhase;
			buildActionMask = 2147483647;
			files = (
				80C6B0E7E0A2A1B64CDD255F /* Pods_zt.framework in Frameworks */,
			);
			runOnlyForDeploymentPostprocessing = 0;
		};
/* End PBXFrameworksBuildPhase section */

/* Begin PBXGroup section */
		10BAD8551CB032AF008732EE = {
			isa = PBXGroup;
			children = (
				10BAD8601CB032AF008732EE /* zt */,
				10BAD85F1CB032AF008732EE /* Products */,
				9ACB4D6935316E035C36AD29 /* Pods */,
				80F5E4182CF36863E0186476 /* Frameworks */,
			);
			sourceTree = "<group>";
		};
		10BAD85F1CB032AF008732EE /* Products */ = {
			isa = PBXGroup;
			children = (
				10BAD85E1CB032AF008732EE /* zt.app */,
			);
			name = Products;
			sourceTree = "<group>";
		};
		10BAD8601CB032AF008732EE /* zt */ = {
			isa = PBXGroup;
			children = (
				10BAD8611CB032AF008732EE /* AppDelegate.swift */,
				10BAD8631CB032AF008732EE /* ViewController.swift */,
				2AA75A341CC2B9BD00DD7E52 /* NextController.swift */,
				10BAD8651CB032AF008732EE /* Main.storyboard */,
				2AA75A361CC377F600DD7E52 /* FirstCustomSegue.swift */,
				10BAD8681CB032AF008732EE /* Assets.xcassets */,
				10BAD86A1CB032AF008732EE /* LaunchScreen.storyboard */,
				10BAD86D1CB032AF008732EE /* Info.plist */,
				10ADCFAE1CB05181009B8C62 /* Pico.swift */,
				2AA75A381CC380EC00DD7E52 /* DataSource.swift */,
			);
			path = zt;
			sourceTree = "<group>";
		};
		80F5E4182CF36863E0186476 /* Frameworks */ = {
			isa = PBXGroup;
			children = (
				B96C22B203C175A6A690DC5C /* Pods_zt.framework */,
			);
			name = Frameworks;
			sourceTree = "<group>";
		};
		9ACB4D6935316E035C36AD29 /* Pods */ = {
			isa = PBXGroup;
			children = (
				A68DAD56914053CA4C9F6A38 /* Pods-zt.debug.xcconfig */,
				146F8B0CE05FEC8138F14BEF /* Pods-zt.release.xcconfig */,
			);
			name = Pods;
			sourceTree = "<group>";
		};
/* End PBXGroup section */

/* Begin PBXNativeTarget section */
		10BAD85D1CB032AF008732EE /* zt */ = {
			isa = PBXNativeTarget;
			buildConfigurationList = 10BAD8701CB032AF008732EE /* Build configuration list for PBXNativeTarget "zt" */;
			buildPhases = (
				2A6E1FB8FF60528F2176DD81 /* Check Pods Manifest.lock */,
				10BAD85A1CB032AF008732EE /* Sources */,
				10BAD85B1CB032AF008732EE /* Frameworks */,
				10BAD85C1CB032AF008732EE /* Resources */,
				3EF76910265530BEABAF73E2 /* Embed Pods Frameworks */,
				72A5AAC132368ABD8D533B29 /* Copy Pods Resources */,
			);
			buildRules = (
			);
			dependencies = (
			);
			name = zt;
			productName = zt;
			productReference = 10BAD85E1CB032AF008732EE /* zt.app */;
			productType = "com.apple.product-type.application";
		};
/* End PBXNativeTarget section */

/* Begin PBXProject section */
		10BAD8561CB032AF008732EE /* Project object */ = {
			isa = PBXProject;
			attributes = {
				LastSwiftUpdateCheck = 0720;
				LastUpgradeCheck = 0720;
				ORGANIZATIONNAME = "Martijn Dwars";
				TargetAttributes = {
					10BAD85D1CB032AF008732EE = {
						CreatedOnToolsVersion = 7.2;
						DevelopmentTeam = ZU3AFQ9YE4;
					};
				};
			};
			buildConfigurationList = 10BAD8591CB032AF008732EE /* Build configuration list for PBXProject "zt" */;
			compatibilityVersion = "Xcode 6.3";
			developmentRegion = English;
			hasScannedForEncodings = 0;
			knownRegions = (
				en,
				Base,
			);
			mainGroup = 10BAD8551CB032AF008732EE;
			productRefGroup = 10BAD85F1CB032AF008732EE /* Products */;
			projectDirPath = "";
			projectRoot = "";
			targets = (
				10BAD85D1CB032AF008732EE /* zt */,
			);
		};
/* End PBXProject section */

/* Begin PBXResourcesBuildPhase section */
		10BAD85C1CB032AF008732EE /* Resources */ = {
			isa = PBXResourcesBuildPhase;
			buildActionMask = 2147483647;
			files = (
				10BAD86C1CB032AF008732EE /* LaunchScreen.storyboard in Resources */,
				10BAD8691CB032AF008732EE /* Assets.xcassets in Resources */,
				10BAD8671CB032AF008732EE /* Main.storyboard in Resources */,
			);
			runOnlyForDeploymentPostprocessing = 0;
		};
/* End PBXResourcesBuildPhase section */

/* Begin PBXShellScriptBuildPhase section */
		2A6E1FB8FF60528F2176DD81 /* Check Pods Manifest.lock */ = {
			isa = PBXShellScriptBuildPhase;
			buildActionMask = 2147483647;
			files = (
			);
			inputPaths = (
			);
			name = "Check Pods Manifest.lock";
			outputPaths = (
			);
			runOnlyForDeploymentPostprocessing = 0;
			shellPath = /bin/sh;
			shellScript = "diff \"${PODS_ROOT}/../Podfile.lock\" \"${PODS_ROOT}/Manifest.lock\" > /dev/null\nif [[ $? != 0 ]] ; then\n    cat << EOM\nerror: The sandbox is not in sync with the Podfile.lock. Run 'pod install' or update your CocoaPods installation.\nEOM\n    exit 1\nfi\n";
			showEnvVarsInLog = 0;
		};
		3EF76910265530BEABAF73E2 /* Embed Pods Frameworks */ = {
			isa = PBXShellScriptBuildPhase;
			buildActionMask = 2147483647;
			files = (
			);
			inputPaths = (
			);
			name = "Embed Pods Frameworks";
			outputPaths = (
			);
			runOnlyForDeploymentPostprocessing = 0;
			shellPath = /bin/sh;
			shellScript = "\"${SRCROOT}/Pods/Target Support Files/Pods-zt/Pods-zt-frameworks.sh\"\n";
			showEnvVarsInLog = 0;
		};
		72A5AAC132368ABD8D533B29 /* Copy Pods Resources */ = {
			isa = PBXShellScriptBuildPhase;
			buildActionMask = 2147483647;
			files = (
			);
			inputPaths = (
			);
			name = "Copy Pods Resources";
			outputPaths = (
			);
			runOnlyForDeploymentPostprocessing = 0;
			shellPath = /bin/sh;
			shellScript = "\"${SRCROOT}/Pods/Target Support Files/Pods-zt/Pods-zt-resources.sh\"\n";
			showEnvVarsInLog = 0;
		};
/* End PBXShellScriptBuildPhase section */

/* Begin PBXSourcesBuildPhase section */
		10BAD85A1CB032AF008732EE /* Sources */ = {
			isa = PBXSourcesBuildPhase;
			buildActionMask = 2147483647;
			files = (
				10BAD8641CB032AF008732EE /* ViewController.swift in Sources */,
				2AA75A391CC380ED00DD7E52 /* DataSource.swift in Sources */,
				10ADCFAF1CB05181009B8C62 /* Pico.swift in Sources */,
				2AA75A351CC2B9BD00DD7E52 /* NextController.swift in Sources */,
				10BAD8621CB032AF008732EE /* AppDelegate.swift in Sources */,
				2AA75A371CC377F900DD7E52 /* FirstCustomSegue.swift in Sources */,
			);
			runOnlyForDeploymentPostprocessing = 0;
		};
/* End PBXSourcesBuildPhase section */

/* Begin PBXVariantGroup section */
		10BAD8651CB032AF008732EE /* Main.storyboard */ = {
			isa = PBXVariantGroup;
			children = (
				10BAD8661CB032AF008732EE /* Base */,
			);
			name = Main.storyboard;
			sourceTree = "<group>";
		};
		10BAD86A1CB032AF008732EE /* LaunchScreen.storyboard */ = {
			isa = PBXVariantGroup;
			children = (
				10BAD86B1CB032AF008732EE /* Base */,
			);
			name = LaunchScreen.storyboard;
			sourceTree = "<group>";
		};
/* End PBXVariantGroup section */

/* Begin XCBuildConfiguration section */
		10BAD86E1CB032AF008732EE /* Debug */ = {
			isa = XCBuildConfiguration;
			baseConfigurationReference = A68DAD56914053CA4C9F6A38 /* Pods-zt.debug.xcconfig */;
			buildSettings = {
				ALWAYS_SEARCH_USER_PATHS = NO;
				CLANG_CXX_LANGUAGE_STANDARD = "gnu++0x";
				CLANG_CXX_LIBRARY = "libc++";
				CLANG_ENABLE_MODULES = YES;
				CLANG_ENABLE_OBJC_ARC = YES;
				CLANG_WARN_BOOL_CONVERSION = YES;
				CLANG_WARN_CONSTANT_CONVERSION = YES;
				CLANG_WARN_DIRECT_OBJC_ISA_USAGE = YES_ERROR;
				CLANG_WARN_EMPTY_BODY = YES;
				CLANG_WARN_ENUM_CONVERSION = YES;
				CLANG_WARN_INT_CONVERSION = YES;
				CLANG_WARN_OBJC_ROOT_CLASS = YES_ERROR;
				CLANG_WARN_UNREACHABLE_CODE = YES;
				CLANG_WARN__DUPLICATE_METHOD_MATCH = YES;
				"CODE_SIGN_IDENTITY[sdk=iphoneos*]" = "iPhone Developer";
				COPY_PHASE_STRIP = NO;
				DEBUG_INFORMATION_FORMAT = dwarf;
				ENABLE_STRICT_OBJC_MSGSEND = YES;
				ENABLE_TESTABILITY = YES;
				GCC_C_LANGUAGE_STANDARD = gnu99;
				GCC_DYNAMIC_NO_PIC = NO;
				GCC_NO_COMMON_BLOCKS = YES;
				GCC_OPTIMIZATION_LEVEL = 0;
				GCC_PREPROCESSOR_DEFINITIONS = (
					"DEBUG=1",
					"$(inherited)",
				);
				GCC_WARN_64_TO_32_BIT_CONVERSION = YES;
				GCC_WARN_ABOUT_RETURN_TYPE = YES_ERROR;
				GCC_WARN_UNDECLARED_SELECTOR = YES;
				GCC_WARN_UNINITIALIZED_AUTOS = YES_AGGRESSIVE;
				GCC_WARN_UNUSED_FUNCTION = YES;
				GCC_WARN_UNUSED_VARIABLE = YES;
				IPHONEOS_DEPLOYMENT_TARGET = 9.2;
				MTL_ENABLE_DEBUG_INFO = YES;
				ONLY_ACTIVE_ARCH = YES;
				SDKROOT = iphoneos;
				SWIFT_OPTIMIZATION_LEVEL = "-Onone";
				TARGETED_DEVICE_FAMILY = "1,2";
			};
			name = Debug;
		};
		10BAD86F1CB032AF008732EE /* Release */ = {
			isa = XCBuildConfiguration;
			baseConfigurationReference = 146F8B0CE05FEC8138F14BEF /* Pods-zt.release.xcconfig */;
			buildSettings = {
				ALWAYS_SEARCH_USER_PATHS = NO;
				CLANG_CXX_LANGUAGE_STANDARD = "gnu++0x";
				CLANG_CXX_LIBRARY = "libc++";
				CLANG_ENABLE_MODULES = YES;
				CLANG_ENABLE_OBJC_ARC = YES;
				CLANG_WARN_BOOL_CONVERSION = YES;
				CLANG_WARN_CONSTANT_CONVERSION = YES;
				CLANG_WARN_DIRECT_OBJC_ISA_USAGE = YES_ERROR;
				CLANG_WARN_EMPTY_BODY = YES;
				CLANG_WARN_ENUM_CONVERSION = YES;
				CLANG_WARN_INT_CONVERSION = YES;
				CLANG_WARN_OBJC_ROOT_CLASS = YES_ERROR;
				CLANG_WARN_UNREACHABLE_CODE = YES;
				CLANG_WARN__DUPLICATE_METHOD_MATCH = YES;
				"CODE_SIGN_IDENTITY[sdk=iphoneos*]" = "iPhone Developer";
				COPY_PHASE_STRIP = NO;
				DEBUG_INFORMATION_FORMAT = "dwarf-with-dsym";
				ENABLE_NS_ASSERTIONS = NO;
				ENABLE_STRICT_OBJC_MSGSEND = YES;
				GCC_C_LANGUAGE_STANDARD = gnu99;
				GCC_NO_COMMON_BLOCKS = YES;
				GCC_WARN_64_TO_32_BIT_CONVERSION = YES;
				GCC_WARN_ABOUT_RETURN_TYPE = YES_ERROR;
				GCC_WARN_UNDECLARED_SELECTOR = YES;
				GCC_WARN_UNINITIALIZED_AUTOS = YES_AGGRESSIVE;
				GCC_WARN_UNUSED_FUNCTION = YES;
				GCC_WARN_UNUSED_VARIABLE = YES;
				IPHONEOS_DEPLOYMENT_TARGET = 9.2;
				MTL_ENABLE_DEBUG_INFO = NO;
				SDKROOT = iphoneos;
				TARGETED_DEVICE_FAMILY = "1,2";
				VALIDATE_PRODUCT = YES;
			};
			name = Release;
		};
		10BAD8711CB032AF008732EE /* Debug */ = {
			isa = XCBuildConfiguration;
			baseConfigurationReference = A68DAD56914053CA4C9F6A38 /* Pods-zt.debug.xcconfig */;
			buildSettings = {
				ALWAYS_SEARCH_USER_PATHS = NO;
				ASSETCATALOG_COMPILER_APPICON_NAME = AppIcon;
				CODE_SIGN_IDENTITY = "iPhone Developer";
				"CODE_SIGN_IDENTITY[sdk=iphoneos*]" = "iPhone Developer";
				FRAMEWORK_SEARCH_PATHS = "$(inherited)";
				HEADER_SEARCH_PATHS = "$(inherited)";
				INFOPLIST_FILE = zt/Info.plist;
				IPHONEOS_DEPLOYMENT_TARGET = 9.3;
				LD_RUNPATH_SEARCH_PATHS = "$(inherited) @executable_path/Frameworks";
				PRODUCT_BUNDLE_IDENTIFIER = nl.martijndwars.zt;
				PRODUCT_NAME = "$(TARGET_NAME)";
				PROVISIONING_PROFILE = "";
				SWIFT_OBJC_BRIDGING_HEADER = "";
				USER_HEADER_SEARCH_PATHS = "\"${PODS_ROOT}/BuildHeaders\"/** \"${PODS_ROOT}/Headers\"/**";
			};
			name = Debug;
		};
		10BAD8721CB032AF008732EE /* Release */ = {
			isa = XCBuildConfiguration;
			baseConfigurationReference = 146F8B0CE05FEC8138F14BEF /* Pods-zt.release.xcconfig */;
			buildSettings = {
				ALWAYS_SEARCH_USER_PATHS = NO;
				ASSETCATALOG_COMPILER_APPICON_NAME = AppIcon;
				CODE_SIGN_IDENTITY = "iPhone Developer";
				"CODE_SIGN_IDENTITY[sdk=iphoneos*]" = "iPhone Developer";
				FRAMEWORK_SEARCH_PATHS = "$(inherited)";
				HEADER_SEARCH_PATHS = "$(inherited)";
				INFOPLIST_FILE = zt/Info.plist;
				IPHONEOS_DEPLOYMENT_TARGET = 9.3;
				LD_RUNPATH_SEARCH_PATHS = "$(inherited) @executable_path/Frameworks";
				PRODUCT_BUNDLE_IDENTIFIER = nl.martijndwars.zt;
				PRODUCT_NAME = "$(TARGET_NAME)";
				PROVISIONING_PROFILE = "";
				SWIFT_OBJC_BRIDGING_HEADER = "";
				USER_HEADER_SEARCH_PATHS = "\"${PODS_ROOT}/BuildHeaders\"/** \"${PODS_ROOT}/Headers\"/**";
			};
			name = Release;
		};
/* End XCBuildConfiguration section */

/* Begin XCConfigurationList section */
		10BAD8591CB032AF008732EE /* Build configuration list for PBXProject "zt" */ = {
			isa = XCConfigurationList;
			buildConfigurations = (
				10BAD86E1CB032AF008732EE /* Debug */,
				10BAD86F1CB032AF008732EE /* Release */,
			);
			defaultConfigurationIsVisible = 0;
			defaultConfigurationName = Release;
		};
		10BAD8701CB032AF008732EE /* Build configuration list for PBXNativeTarget "zt" */ = {
			isa = XCConfigurationList;
			buildConfigurations = (
				10BAD8711CB032AF008732EE /* Debug */,
				10BAD8721CB032AF008732EE /* Release */,
			);
			defaultConfigurationIsVisible = 0;
			defaultConfigurationName = Release;
		};
/* End XCConfigurationList section */
	};
	rootObject = 10BAD8561CB032AF008732EE /* Project object */;
}
